
Microsoft Visual Studio Solution File, Format Version 12.00
# Visual Studio Version 17
VisualStudioVersion = 17.13.35919.96 d17.13
MinimumVisualStudioVersion = 10.0.40219.1
Project("{FAE04EC0-301F-11D3-BF4B-00C04F79EFBC}") = "Claneder", "Claneder.csproj", "{68888F5D-A135-4893-A884-9FCAE51C6255}"
EndProject
Global
	GlobalSection(SolutionConfigurationPlatforms) = preSolution
		Debug|Any CPU = Debug|Any CPU
		Release|Any CPU = Release|Any CPU
	EndGlobalSection
	GlobalSection(ProjectConfigurationPlatforms) = postSolution
		{68888F5D-A135-4893-A884-9FCAE51C6255}.Debug|Any CPU.ActiveCfg = Debug|Any CPU
		{68888F5D-A135-4893-A884-9FCAE51C6255}.Debug|Any CPU.Build.0 = Debug|Any CPU
		{68888F5D-A135-4893-A884-9FCAE51C6255}.Release|Any CPU.ActiveCfg = Release|Any CPU
		{68888F5D-A135-4893-A884-9FCAE51C6255}.Release|Any CPU.Build.0 = Release|Any CPU
	EndGlobalSection
	GlobalSection(SolutionProperties) = preSolution
		HideSolutionNode = FALSE
	EndGlobalSection
	GlobalSection(ExtensibilityGlobals) = postSolution
		SolutionGuid = {EE08EEF5-66E5-4109-9227-5AA846997B0D}
	EndGlobalSection
EndGlobal
